// !$*UTF8*$!
{
	archiveVersion = 1;
	classes = {
	};
	objectVersion = 46;
	objects = {

/* Begin PBXBuildFile section */
		3A4586721C8371F5001BE896 /* AppDelegate.swift in Sources */ = {isa = PBXBuildFile; fileRef = 3A4586711C8371F5001BE896 /* AppDelegate.swift */; };
		3A4586741C8371F5001BE896 /* ViewController.swift in Sources */ = {isa = PBXBuildFile; fileRef = 3A4586731C8371F5001BE896 /* ViewController.swift */; };
		3A4586771C8371F5001BE896 /* Main.storyboard in Resources */ = {isa = PBXBuildFile; fileRef = 3A4586751C8371F5001BE896 /* Main.storyboard */; };
		3A4586791C8371F5001BE896 /* Assets.xcassets in Resources */ = {isa = PBXBuildFile; fileRef = 3A4586781C8371F5001BE896 /* Assets.xcassets */; };
		3A45867C1C8371F5001BE896 /* LaunchScreen.storyboard in Resources */ = {isa = PBXBuildFile; fileRef = 3A45867A1C8371F5001BE896 /* LaunchScreen.storyboard */; };
		5588422D7909F7A04E343D5A /* Pods.framework in Frameworks */ = {isa = PBXBuildFile; fileRef = 27C640EB50B468997D978558 /* Pods.framework */; };
/* End PBXBuildFile section */

/* Begin PBXFileReference section */
		27C640EB50B468997D978558 /* Pods.framework */ = {isa = PBXFileReference; explicitFileType = wrapper.framework; includeInIndex = 0; path = Pods.framework; sourceTree = BUILT_PRODUCTS_DIR; };
		3A45866E1C8371F5001BE896 /* Photo Search Example.app */ = {isa = PBXFileReference; explicitFileType = wrapper.application; includeInIndex = 0; path = "Photo Search Example.app"; sourceTree = BUILT_PRODUCTS_DIR; };
		3A4586711C8371F5001BE896 /* AppDelegate.swift */ = {isa = PBXFileReference; lastKnownFileType = sourcecode.swift; path = AppDelegate.swift; sourceTree = "<group>"; };
		3A4586731C8371F5001BE896 /* ViewController.swift */ = {isa = PBXFileReference; lastKnownFileType = sourcecode.swift; path = ViewController.swift; sourceTree = "<group>"; };
		3A4586761C8371F5001BE896 /* Base */ = {isa = PBXFileReference; lastKnownFileType = file.storyboard; name = Base; path = Base.lproj/Main.storyboard; sourceTree = "<group>"; };
		3A4586781C8371F5001BE896 /* Assets.xcassets */ = {isa = PBXFileReference; lastKnownFileType = folder.assetcatalog; path = Assets.xcassets; sourceTree = "<group>"; };
		3A45867B1C8371F5001BE896 /* Base */ = {isa = PBXFileReference; lastKnownFileType = file.storyboard; name = Base; path = Base.lproj/LaunchScreen.storyboard; sourceTree = "<group>"; };
		3A45867D1C8371F5001BE896 /* Info.plist */ = {isa = PBXFileReference; lastKnownFileType = text.plist.xml; path = Info.plist; sourceTree = "<group>"; };
		9E4207121F618A7B06F11A40 /* Pods.release.xcconfig */ = {isa = PBXFileReference; includeInIndex = 1; lastKnownFileType = text.xcconfig; name = Pods.release.xcconfig; path = "Pods/Target Support Files/Pods/Pods.release.xcconfig"; sourceTree = "<group>"; };
		B8765946E6A860BECD4C37B3 /* Pods.debug.xcconfig */ = {isa = PBXFileReference; includeInIndex = 1; lastKnownFileType = text.xcconfig; name = Pods.debug.xcconfig; path = "Pods/Target Support Files/Pods/Pods.debug.xcconfig"; sourceTree = "<group>"; };
/* End PBXFileReference section */

/* Begin PBXFrameworksBuildPhase section */
		3A45866B1C8371F5001BE896 /* Frameworks */ = {
			isa = PBXFrameworksBuildPhase;
			buildActionMask = 2147483647;
			files = (
				5588422D7909F7A04E343D5A /* Pods.framework in Frameworks */,
			);
			runOnlyForDeploymentPostprocessing = 0;
		};
/* End PBXFrameworksBuildPhase section */

/* Begin PBXGroup section */
		0ABCEF81A3878E4BD282A823 /* Pods */ = {
			isa = PBXGroup;
			children = (
				B8765946E6A860BECD4C37B3 /* Pods.debug.xcconfig */,
				9E4207121F618A7B06F11A40 /* Pods.release.xcconfig */,
			);
			name = Pods;
			sourceTree = "<group>";
		};
		3A4586651C8371F5001BE896 = {
			isa = PBXGroup;
			children = (
				3A4586701C8371F5001BE896 /* Photo Search Example */,
				3A45866F1C8371F5001BE896 /* Products */,
				0ABCEF81A3878E4BD282A823 /* Pods */,
				AB2FE488BF37F44A96FB4C59 /* Frameworks */,
			);
			sourceTree = "<group>";
		};
		3A45866F1C8371F5001BE896 /* Products */ = {
			isa = PBXGroup;
			children = (
				3A45866E1C8371F5001BE896 /* Photo Search Example.app */,
			);
			name = Products;
			sourceTree = "<group>";
		};
		3A4586701C8371F5001BE896 /* Photo Search Example */ = {
			isa = PBXGroup;
			children = (
				3A4586711C8371F5001BE896 /* AppDelegate.swift */,
				3A4586731C8371F5001BE896 /* ViewController.swift */,
				3A4586751C8371F5001BE896 /* Main.storyboard */,
				3A4586781C8371F5001BE896 /* Assets.xcassets */,
				3A45867A1C8371F5001BE896 /* LaunchScreen.storyboard */,
				3A45867D1C8371F5001BE896 /* Info.plist */,
			);
			path = "Photo Search Example";
			sourceTree = "<group>";
		};
		AB2FE488BF37F44A96FB4C59 /* Frameworks */ = {
			isa = PBXGroup;
			children = (
				27C640EB50B468997D978558 /* Pods.framework */,
			);
			name = Frameworks;
			sourceTree = "<group>";
		};
/* End PBXGroup section */

/* Begin PBXNativeTarget section */
		3A45866D1C8371F5001BE896 /* Photo Search Example */ = {
			isa = PBXNativeTarget;
			buildConfigurationList = 3A4586801C8371F5001BE896 /* Build configuration list for PBXNativeTarget "Photo Search Example" */;
			buildPhases = (
				FF1CA75F97FBABBC2A98B77B /* Check Pods Manifest.lock */,
				3A45866A1C8371F5001BE896 /* Sources */,
				3A45866B1C8371F5001BE896 /* Frameworks */,
				3A45866C1C8371F5001BE896 /* Resources */,
				F7C25A1643A5507267DEA571 /* Embed Pods Frameworks */,
				9C1741D773CB58F39B45A90E /* Copy Pods Resources */,
			);
			buildRules = (
			);
			dependencies = (
			);
			name = "Photo Search Example";
			productName = "Photo Search Example";
			productReference = 3A45866E1C8371F5001BE896 /* Photo Search Example.app */;
			productType = "com.apple.product-type.application";
		};
/* End PBXNativeTarget section */

/* Begin PBXProject section */
		3A4586661C8371F5001BE896 /* Project object */ = {
			isa = PBXProject;
			attributes = {
				LastSwiftUpdateCheck = 0720;
				LastUpgradeCheck = 0720;
				ORGANIZATIONNAME = "Deekshita Amaravadi";
				TargetAttributes = {
					3A45866D1C8371F5001BE896 = {
						CreatedOnToolsVersion = 7.2;
					};
				};
			};
			buildConfigurationList = 3A4586691C8371F5001BE896 /* Build configuration list for PBXProject "Photo Search Example" */;
			compatibilityVersion = "Xcode 3.2";
			developmentRegion = English;
			hasScannedForEncodings = 0;
			knownRegions = (
				en,
				Base,
			);
			mainGroup = 3A4586651C8371F5001BE896;
			productRefGroup = 3A45866F1C8371F5001BE896 /* Products */;
			projectDirPath = "";
			projectRoot = "";
			targets = (
				3A45866D1C8371F5001BE896 /* Photo Search Example */,
			);
		};
/* End PBXProject section */

/* Begin PBXResourcesBuildPhase section */
		3A45866C1C8371F5001BE896 /* Resources */ = {
			isa = PBXResourcesBuildPhase;
			buildActionMask = 2147483647;
			files = (
				3A45867C1C8371F5001BE896 /* LaunchScreen.storyboard in Resources */,
				3A4586791C8371F5001BE896 /* Assets.xcassets in Resources */,
				3A4586771C8371F5001BE896 /* Main.storyboard in Resources */,
			);
			runOnlyForDeploymentPostprocessing = 0;
		};
/* End PBXResourcesBuildPhase section */

/* Begin PBXShellScriptBuildPhase section */
		9C1741D773CB58F39B45A90E /* Copy Pods Resources */ = {
			isa = PBXShellScriptBuildPhase;
			buildActionMask = 2147483647;
			files = (
			);
			inputPaths = (
			);
			name = "Copy Pods Resources";
			outputPaths = (
			);
			runOnlyForDeploymentPostprocessing = 0;
			shellPath = /bin/sh;
			shellScript = "\"${SRCROOT}/Pods/Target Support Files/Pods/Pods-resources.sh\"\n";
			showEnvVarsInLog = 0;
		};
		F7C25A1643A5507267DEA571 /* Embed Pods Frameworks */ = {
			isa = PBXShellScriptBuildPhase;
			buildActionMask = 2147483647;
			files = (
			);
			inputPaths = (
			);
			name = "Embed Pods Frameworks";
			outputPaths = (
			);
			runOnlyForDeploymentPostprocessing = 0;
			shellPath = /bin/sh;
			shellScript = "\"${SRCROOT}/Pods/Target Support Files/Pods/Pods-frameworks.sh\"\n";
			showEnvVarsInLog = 0;
		};
		FF1CA75F97FBABBC2A98B77B /* Check Pods Manifest.lock */ = {
			isa = PBXShellScriptBuildPhase;
			buildActionMask = 2147483647;
			files = (
			);
			inputPaths = (
			);
			name = "Check Pods Manifest.lock";
			outputPaths = (
			);
			runOnlyForDeploymentPostprocessing = 0;
			shellPath = /bin/sh;
			shellScript = "diff \"${PODS_ROOT}/../Podfile.lock\" \"${PODS_ROOT}/Manifest.lock\" > /dev/null\nif [[ $? != 0 ]] ; then\n    cat << EOM\nerror: The sandbox is not in sync with the Podfile.lock. Run 'pod install' or update your CocoaPods installation.\nEOM\n    exit 1\nfi\n";
			showEnvVarsInLog = 0;
		};
/* End PBXShellScriptBuildPhase section */

/* Begin PBXSourcesBuildPhase section */
		3A45866A1C8371F5001BE896 /* Sources */ = {
			isa = PBXSourcesBuildPhase;
			buildActionMask = 2147483647;
			files = (
				3A4586741C8371F5001BE896 /* ViewController.swift in Sources */,
				3A4586721C8371F5001BE896 /* AppDelegate.swift in Sources */,
			);
			runOnlyForDeploymentPostprocessing = 0;
		};
/* End PBXSourcesBuildPhase section */

/* Begin PBXVariantGroup section */
		3A4586751C8371F5001BE896 /* Main.storyboard */ = {
			isa = PBXVariantGroup;
			children = (
				3A4586761C8371F5001BE896 /* Base */,
			);
			name = Main.storyboard;
			sourceTree = "<group>";
		};
		3A45867A1C8371F5001BE896 /* LaunchScreen.storyboard */ = {
			isa = PBXVariantGroup;
			children = (
				3A45867B1C8371F5001BE896 /* Base */,
			);
			name = LaunchScreen.storyboard;
			sourceTree = "<group>";
		};
/* End PBXVariantGroup section */

/* Begin XCBuildConfiguration section */
		3A45867E1C8371F5001BE896 /* Debug */ = {
			isa = XCBuildConfiguration;
			buildSettings = {
				ALWAYS_SEARCH_USER_PATHS = NO;
				CLANG_CXX_LANGUAGE_STANDARD = "gnu++0x";
				CLANG_CXX_LIBRARY = "libc++";
				CLANG_ENABLE_MODULES = YES;
				CLANG_ENABLE_OBJC_ARC = YES;
				CLANG_WARN_BOOL_CONVERSION = YES;
				CLANG_WARN_CONSTANT_CONVERSION = YES;
				CLANG_WARN_DIRECT_OBJC_ISA_USAGE = YES_ERROR;
				CLANG_WARN_EMPTY_BODY = YES;
				CLANG_WARN_ENUM_CONVERSION = YES;
				CLANG_WARN_INT_CONVERSION = YES;
				CLANG_WARN_OBJC_ROOT_CLASS = YES_ERROR;
				CLANG_WARN_UNREACHABLE_CODE = YES;
				CLANG_WARN__DUPLICATE_METHOD_MATCH = YES;
				"CODE_SIGN_IDENTITY[sdk=iphoneos*]" = "iPhone Developer";
				COPY_PHASE_STRIP = NO;
				DEBUG_INFORMATION_FORMAT = dwarf;
				ENABLE_STRICT_OBJC_MSGSEND = YES;
				ENABLE_TESTABILITY = YES;
				GCC_C_LANGUAGE_STANDARD = gnu99;
				GCC_DYNAMIC_NO_PIC = NO;
				GCC_NO_COMMON_BLOCKS = YES;
				GCC_OPTIMIZATION_LEVEL = 0;
				GCC_PREPROCESSOR_DEFINITIONS = (
					"DEBUG=1",
					"$(inherited)",
				);
				GCC_WARN_64_TO_32_BIT_CONVERSION = YES;
				GCC_WARN_ABOUT_RETURN_TYPE = YES_ERROR;
				GCC_WARN_UNDECLARED_SELECTOR = YES;
				GCC_WARN_UNINITIALIZED_AUTOS = YES_AGGRESSIVE;
				GCC_WARN_UNUSED_FUNCTION = YES;
				GCC_WARN_UNUSED_VARIABLE = YES;
				IPHONEOS_DEPLOYMENT_TARGET = 9.2;
				MTL_ENABLE_DEBUG_INFO = YES;
				ONLY_ACTIVE_ARCH = YES;
				SDKROOT = iphoneos;
				SWIFT_OPTIMIZATION_LEVEL = "-Onone";
			};
			name = Debug;
		};
		3A45867F1C8371F5001BE896 /* Release */ = {
			isa = XCBuildConfiguration;
			buildSettings = {
				ALWAYS_SEARCH_USER_PATHS = NO;
				CLANG_CXX_LANGUAGE_STANDARD = "gnu++0x";
				CLANG_CXX_LIBRARY = "libc++";
				CLANG_ENABLE_MODULES = YES;
				CLANG_ENABLE_OBJC_ARC = YES;
				CLANG_WARN_BOOL_CONVERSION = YES;
				CLANG_WARN_CONSTANT_CONVERSION = YES;
				CLANG_WARN_DIRECT_OBJC_ISA_USAGE = YES_ERROR;
				CLANG_WARN_EMPTY_BODY = YES;
				CLANG_WARN_ENUM_CONVERSION = YES;
				CLANG_WARN_INT_CONVERSION = YES;
				CLANG_WARN_OBJC_ROOT_CLASS = YES_ERROR;
				CLANG_WARN_UNREACHABLE_CODE = YES;
				CLANG_WARN__DUPLICATE_METHOD_MATCH = YES;
				"CODE_SIGN_IDENTITY[sdk=iphoneos*]" = "iPhone Developer";
				COPY_PHASE_STRIP = NO;
				DEBUG_INFORMATION_FORMAT = "dwarf-with-dsym";
				ENABLE_NS_ASSERTIONS = NO;
				ENABLE_STRICT_OBJC_MSGSEND = YES;
				GCC_C_LANGUAGE_STANDARD = gnu99;
				GCC_NO_COMMON_BLOCKS = YES;
				GCC_WARN_64_TO_32_BIT_CONVERSION = YES;
				GCC_WARN_ABOUT_RETURN_TYPE = YES_ERROR;
				GCC_WARN_UNDECLARED_SELECTOR = YES;
				GCC_WARN_UNINITIALIZED_AUTOS = YES_AGGRESSIVE;
				GCC_WARN_UNUSED_FUNCTION = YES;
				GCC_WARN_UNUSED_VARIABLE = YES;
				IPHONEOS_DEPLOYMENT_TARGET = 9.2;
				MTL_ENABLE_DEBUG_INFO = NO;
				SDKROOT = iphoneos;
				VALIDATE_PRODUCT = YES;
			};
			name = Release;
		};
		3A4586811C8371F5001BE896 /* Debug */ = {
			isa = XCBuildConfiguration;
			baseConfigurationReference = B8765946E6A860BECD4C37B3 /* Pods.debug.xcconfig */;
			buildSettings = {
				ASSETCATALOG_COMPILER_APPICON_NAME = AppIcon;
				INFOPLIST_FILE = "Photo Search Example/Info.plist";
				LD_RUNPATH_SEARCH_PATHS = "$(inherited) @executable_path/Frameworks";
				PRODUCT_BUNDLE_IDENTIFIER = "com.-dk.Photo-Search-Example";
				PRODUCT_NAME = "$(TARGET_NAME)";
			};
			name = Debug;
		};
		3A4586821C8371F5001BE896 /* Release */ = {
			isa = XCBuildConfiguration;
			baseConfigurationReference = 9E4207121F618A7B06F11A40 /* Pods.release.xcconfig */;
			buildSettings = {
				ASSETCATALOG_COMPILER_APPICON_NAME = AppIcon;
				INFOPLIST_FILE = "Photo Search Example/Info.plist";
				LD_RUNPATH_SEARCH_PATHS = "$(inherited) @executable_path/Frameworks";
				PRODUCT_BUNDLE_IDENTIFIER = "com.-dk.Photo-Search-Example";
				PRODUCT_NAME = "$(TARGET_NAME)";
			};
			name = Release;
		};
/* End XCBuildConfiguration section */

/* Begin XCConfigurationList section */
		3A4586691C8371F5001BE896 /* Build configuration list for PBXProject "Photo Search Example" */ = {
			isa = XCConfigurationList;
			buildConfigurations = (
				3A45867E1C8371F5001BE896 /* Debug */,
				3A45867F1C8371F5001BE896 /* Release */,
			);
			defaultConfigurationIsVisible = 0;
			defaultConfigurationName = Release;
		};
		3A4586801C8371F5001BE896 /* Build configuration list for PBXNativeTarget "Photo Search Example" */ = {
			isa = XCConfigurationList;
			buildConfigurations = (
				3A4586811C8371F5001BE896 /* Debug */,
				3A4586821C8371F5001BE896 /* Release */,
			);
			defaultConfigurationIsVisible = 0;
			defaultConfigurationName = Release;
		};
/* End XCConfigurationList section */
	};
	rootObject = 3A4586661C8371F5001BE896 /* Project object */;
}
